
Microsoft Visual Studio Solution File, Format Version 11.00
# Visual Studio 2010
Project("{8BC9CEB8-8B4A-11D0-8D11-00A0C91BC942}") = "Arbiter", "Arbiter\Arbiter.vcxproj", "{BA2286D2-4FBC-4FF6-A2E1-908394734202}"
EndProject
Project("{8BC9CEB8-8B4A-11D0-8D11-00A0C91BC942}") = "PrisonerA", "PrisonerA\PrisonerA.vcxproj", "{778F1215-9F70-4CC6-A096-899156E31FC7}"
EndProject
Project("{8BC9CEB8-8B4A-11D0-8D11-00A0C91BC942}") = "PrisonerB", "PrisonerB\PrisonerB.vcxproj", "{59E6F8DB-5A06-4D61-85D3-13474DD5FCC6}"
EndProject
Global
	GlobalSection(SolutionConfigurationPlatforms) = preSolution
		Debug|Win32 = Debug|Win32
		Release|Win32 = Release|Win32
	EndGlobalSection
	GlobalSection(ProjectConfigurationPlatforms) = postSolution
		{BA2286D2-4FBC-4FF6-A2E1-908394734202}.Debug|Win32.ActiveCfg = Debug|Win32
		{BA2286D2-4FBC-4FF6-A2E1-908394734202}.Debug|Win32.Build.0 = Debug|Win32
		{BA2286D2-4FBC-4FF6-A2E1-908394734202}.Release|Win32.ActiveCfg = Release|Win32
		{BA2286D2-4FBC-4FF6-A2E1-908394734202}.Release|Win32.Build.0 = Release|Win32
		{778F1215-9F70-4CC6-A096-899156E31FC7}.Debug|Win32.ActiveCfg = Debug|Win32
		{778F1215-9F70-4CC6-A096-899156E31FC7}.Debug|Win32.Build.0 = Debug|Win32
		{778F1215-9F70-4CC6-A096-899156E31FC7}.Release|Win32.ActiveCfg = Release|Win32
		{778F1215-9F70-4CC6-A096-899156E31FC7}.Release|Win32.Build.0 = Release|Win32
		{59E6F8DB-5A06-4D61-85D3-13474DD5FCC6}.Debug|Win32.ActiveCfg = Debug|Win32
		{59E6F8DB-5A06-4D61-85D3-13474DD5FCC6}.Debug|Win32.Build.0 = Debug|Win32
		{59E6F8DB-5A06-4D61-85D3-13474DD5FCC6}.Release|Win32.ActiveCfg = Release|Win32
		{59E6F8DB-5A06-4D61-85D3-13474DD5FCC6}.Release|Win32.Build.0 = Release|Win32
	EndGlobalSection
	GlobalSection(SolutionProperties) = preSolution
		HideSolutionNode = FALSE
	EndGlobalSection
EndGlobal
